// !$*UTF8*$!
{
	archiveVersion = 1;
	classes = {
	};
	objectVersion = 56;
	objects = {

/* Begin PBXBuildFile section */
		3CB1E273292BDBC30039B959 /* reddytApp.swift in Sources */ = {isa = PBXBuildFile; fileRef = 3CB1E272292BDBC30039B959 /* reddytApp.swift */; };
		3CB1E275292BDBC30039B959 /* ContentView.swift in Sources */ = {isa = PBXBuildFile; fileRef = 3CB1E274292BDBC30039B959 /* ContentView.swift */; };
		3CB1E277292BDBC40039B959 /* Assets.xcassets in Resources */ = {isa = PBXBuildFile; fileRef = 3CB1E276292BDBC40039B959 /* Assets.xcassets */; };
		3CB1E27A292BDBC40039B959 /* Preview Assets.xcassets in Resources */ = {isa = PBXBuildFile; fileRef = 3CB1E279292BDBC40039B959 /* Preview Assets.xcassets */; };
		3CB1E27C292BDBC40039B959 /* Persistence.swift in Sources */ = {isa = PBXBuildFile; fileRef = 3CB1E27B292BDBC40039B959 /* Persistence.swift */; };
		3CB1E27F292BDBC40039B959 /* reddyt.xcdatamodeld in Sources */ = {isa = PBXBuildFile; fileRef = 3CB1E27D292BDBC40039B959 /* reddyt.xcdatamodeld */; };
/* End PBXBuildFile section */

/* Begin PBXFileReference section */
		3CB1E26F292BDBC30039B959 /* reddyt.app */ = {isa = PBXFileReference; explicitFileType = wrapper.application; includeInIndex = 0; path = reddyt.app; sourceTree = BUILT_PRODUCTS_DIR; };
		3CB1E272292BDBC30039B959 /* reddytApp.swift */ = {isa = PBXFileReference; lastKnownFileType = sourcecode.swift; path = reddytApp.swift; sourceTree = "<group>"; };
		3CB1E274292BDBC30039B959 /* ContentView.swift */ = {isa = PBXFileReference; lastKnownFileType = sourcecode.swift; path = ContentView.swift; sourceTree = "<group>"; };
		3CB1E276292BDBC40039B959 /* Assets.xcassets */ = {isa = PBXFileReference; lastKnownFileType = folder.assetcatalog; path = Assets.xcassets; sourceTree = "<group>"; };
		3CB1E279292BDBC40039B959 /* Preview Assets.xcassets */ = {isa = PBXFileReference; lastKnownFileType = folder.assetcatalog; path = "Preview Assets.xcassets"; sourceTree = "<group>"; };
		3CB1E27B292BDBC40039B959 /* Persistence.swift */ = {isa = PBXFileReference; lastKnownFileType = sourcecode.swift; path = Persistence.swift; sourceTree = "<group>"; };
		3CB1E27E292BDBC40039B959 /* reddyt.xcdatamodel */ = {isa = PBXFileReference; lastKnownFileType = wrapper.xcdatamodel; path = reddyt.xcdatamodel; sourceTree = "<group>"; };
		3CB1E280292BDBC40039B959 /* reddyt.entitlements */ = {isa = PBXFileReference; lastKnownFileType = text.plist.entitlements; path = reddyt.entitlements; sourceTree = "<group>"; };
/* End PBXFileReference section */

/* Begin PBXFrameworksBuildPhase section */
		3CB1E26C292BDBC30039B959 /* Frameworks */ = {
			isa = PBXFrameworksBuildPhase;
			buildActionMask = 2147483647;
			files = (
			);
			runOnlyForDeploymentPostprocessing = 0;
		};
/* End PBXFrameworksBuildPhase section */

/* Begin PBXGroup section */
		3CB1E266292BDBC30039B959 = {
			isa = PBXGroup;
			children = (
				3CB1E271292BDBC30039B959 /* reddyt */,
				3CB1E270292BDBC30039B959 /* Products */,
			);
			sourceTree = "<group>";
		};
		3CB1E270292BDBC30039B959 /* Products */ = {
			isa = PBXGroup;
			children = (
				3CB1E26F292BDBC30039B959 /* reddyt.app */,
			);
			name = Products;
			sourceTree = "<group>";
		};
		3CB1E271292BDBC30039B959 /* reddyt */ = {
			isa = PBXGroup;
			children = (
				3CB1E272292BDBC30039B959 /* reddytApp.swift */,
				3CB1E274292BDBC30039B959 /* ContentView.swift */,
				3CB1E276292BDBC40039B959 /* Assets.xcassets */,
				3CB1E27B292BDBC40039B959 /* Persistence.swift */,
				3CB1E280292BDBC40039B959 /* reddyt.entitlements */,
				3CB1E27D292BDBC40039B959 /* reddyt.xcdatamodeld */,
				3CB1E278292BDBC40039B959 /* Preview Content */,
			);
			path = reddyt;
			sourceTree = "<group>";
		};
		3CB1E278292BDBC40039B959 /* Preview Content */ = {
			isa = PBXGroup;
			children = (
				3CB1E279292BDBC40039B959 /* Preview Assets.xcassets */,
			);
			path = "Preview Content";
			sourceTree = "<group>";
		};
/* End PBXGroup section */

/* Begin PBXNativeTarget section */
		3CB1E26E292BDBC30039B959 /* reddyt */ = {
			isa = PBXNativeTarget;
			buildConfigurationList = 3CB1E283292BDBC40039B959 /* Build configuration list for PBXNativeTarget "reddyt" */;
			buildPhases = (
				3CB1E26B292BDBC30039B959 /* Sources */,
				3CB1E26C292BDBC30039B959 /* Frameworks */,
				3CB1E26D292BDBC30039B959 /* Resources */,
			);
			buildRules = (
			);
			dependencies = (
			);
			name = reddyt;
			productName = reddyt;
			productReference = 3CB1E26F292BDBC30039B959 /* reddyt.app */;
			productType = "com.apple.product-type.application";
		};
/* End PBXNativeTarget section */

/* Begin PBXProject section */
		3CB1E267292BDBC30039B959 /* Project object */ = {
			isa = PBXProject;
			attributes = {
				BuildIndependentTargetsInParallel = 1;
				LastSwiftUpdateCheck = 1410;
				LastUpgradeCheck = 1410;
				TargetAttributes = {
					3CB1E26E292BDBC30039B959 = {
						CreatedOnToolsVersion = 14.1;
					};
				};
			};
			buildConfigurationList = 3CB1E26A292BDBC30039B959 /* Build configuration list for PBXProject "reddyt" */;
			compatibilityVersion = "Xcode 14.0";
			developmentRegion = en;
			hasScannedForEncodings = 0;
			knownRegions = (
				en,
				Base,
			);
			mainGroup = 3CB1E266292BDBC30039B959;
			productRefGroup = 3CB1E270292BDBC30039B959 /* Products */;
			projectDirPath = "";
			projectRoot = "";
			targets = (
				3CB1E26E292BDBC30039B959 /* reddyt */,
			);
		};
/* End PBXProject section */

/* Begin PBXResourcesBuildPhase section */
		3CB1E26D292BDBC30039B959 /* Resources */ = {
			isa = PBXResourcesBuildPhase;
			buildActionMask = 2147483647;
			files = (
				3CB1E27A292BDBC40039B959 /* Preview Assets.xcassets in Resources */,
				3CB1E277292BDBC40039B959 /* Assets.xcassets in Resources */,
			);
			runOnlyForDeploymentPostprocessing = 0;
		};
/* End PBXResourcesBuildPhase section */

/* Begin PBXSourcesBuildPhase section */
		3CB1E26B292BDBC30039B959 /* Sources */ = {
			isa = PBXSourcesBuildPhase;
			buildActionMask = 2147483647;
			files = (
				3CB1E27C292BDBC40039B959 /* Persistence.swift in Sources */,
				3CB1E275292BDBC30039B959 /* ContentView.swift in Sources */,
				3CB1E273292BDBC30039B959 /* reddytApp.swift in Sources */,
				3CB1E27F292BDBC40039B959 /* reddyt.xcdatamodeld in Sources */,
			);
			runOnlyForDeploymentPostprocessing = 0;
		};
/* End PBXSourcesBuildPhase section */

/* Begin XCBuildConfiguration section */
		3CB1E281292BDBC40039B959 /* Debug */ = {
			isa = XCBuildConfiguration;
			buildSettings = {
				ALWAYS_SEARCH_USER_PATHS = NO;
				CLANG_ANALYZER_NONNULL = YES;
				CLANG_ANALYZER_NUMBER_OBJECT_CONVERSION = YES_AGGRESSIVE;
				CLANG_CXX_LANGUAGE_STANDARD = "gnu++20";
				CLANG_ENABLE_MODULES = YES;
				CLANG_ENABLE_OBJC_ARC = YES;
				CLANG_ENABLE_OBJC_WEAK = YES;
				CLANG_WARN_BLOCK_CAPTURE_AUTORELEASING = YES;
				CLANG_WARN_BOOL_CONVERSION = YES;
				CLANG_WARN_COMMA = YES;
				CLANG_WARN_CONSTANT_CONVERSION = YES;
				CLANG_WARN_DEPRECATED_OBJC_IMPLEMENTATIONS = YES;
				CLANG_WARN_DIRECT_OBJC_ISA_USAGE = YES_ERROR;
				CLANG_WARN_DOCUMENTATION_COMMENTS = YES;
				CLANG_WARN_EMPTY_BODY = YES;
				CLANG_WARN_ENUM_CONVERSION = YES;
				CLANG_WARN_INFINITE_RECURSION = YES;
				CLANG_WARN_INT_CONVERSION = YES;
				CLANG_WARN_NON_LITERAL_NULL_CONVERSION = YES;
				CLANG_WARN_OBJC_IMPLICIT_RETAIN_SELF = YES;
				CLANG_WARN_OBJC_LITERAL_CONVERSION = YES;
				CLANG_WARN_OBJC_ROOT_CLASS = YES_ERROR;
				CLANG_WARN_QUOTED_INCLUDE_IN_FRAMEWORK_HEADER = YES;
				CLANG_WARN_RANGE_LOOP_ANALYSIS = YES;
				CLANG_WARN_STRICT_PROTOTYPES = YES;
				CLANG_WARN_SUSPICIOUS_MOVE = YES;
				CLANG_WARN_UNGUARDED_AVAILABILITY = YES_AGGRESSIVE;
				CLANG_WARN_UNREACHABLE_CODE = YES;
				CLANG_WARN__DUPLICATE_METHOD_MATCH = YES;
				COPY_PHASE_STRIP = NO;
				DEBUG_INFORMATION_FORMAT = dwarf;
				ENABLE_STRICT_OBJC_MSGSEND = YES;
				ENABLE_TESTABILITY = YES;
				GCC_C_LANGUAGE_STANDARD = gnu11;
				GCC_DYNAMIC_NO_PIC = NO;
				GCC_NO_COMMON_BLOCKS = YES;
				GCC_OPTIMIZATION_LEVEL = 0;
				GCC_PREPROCESSOR_DEFINITIONS = (
					"DEBUG=1",
					"$(inherited)",
				);
				GCC_WARN_64_TO_32_BIT_CONVERSION = YES;
				GCC_WARN_ABOUT_RETURN_TYPE = YES_ERROR;
				GCC_WARN_UNDECLARED_SELECTOR = YES;
				GCC_WARN_UNINITIALIZED_AUTOS = YES_AGGRESSIVE;
				GCC_WARN_UNUSED_FUNCTION = YES;
				GCC_WARN_UNUSED_VARIABLE = YES;
				MACOSX_DEPLOYMENT_TARGET = 13.0;
				MTL_ENABLE_DEBUG_INFO = INCLUDE_SOURCE;
				MTL_FAST_MATH = YES;
				ONLY_ACTIVE_ARCH = YES;
				SDKROOT = macosx;
				SWIFT_ACTIVE_COMPILATION_CONDITIONS = DEBUG;
				SWIFT_OPTIMIZATION_LEVEL = "-Onone";
			};
			name = Debug;
		};
		3CB1E282292BDBC40039B959 /* Release */ = {
			isa = XCBuildConfiguration;
			buildSettings = {
				ALWAYS_SEARCH_USER_PATHS = NO;
				CLANG_ANALYZER_NONNULL = YES;
				CLANG_ANALYZER_NUMBER_OBJECT_CONVERSION = YES_AGGRESSIVE;
				CLANG_CXX_LANGUAGE_STANDARD = "gnu++20";
				CLANG_ENABLE_MODULES = YES;
				CLANG_ENABLE_OBJC_ARC = YES;
				CLANG_ENABLE_OBJC_WEAK = YES;
				CLANG_WARN_BLOCK_CAPTURE_AUTORELEASING = YES;
				CLANG_WARN_BOOL_CONVERSION = YES;
				CLANG_WARN_COMMA = YES;
				CLANG_WARN_CONSTANT_CONVERSION = YES;
				CLANG_WARN_DEPRECATED_OBJC_IMPLEMENTATIONS = YES;
				CLANG_WARN_DIRECT_OBJC_ISA_USAGE = YES_ERROR;
				CLANG_WARN_DOCUMENTATION_COMMENTS = YES;
				CLANG_WARN_EMPTY_BODY = YES;
				CLANG_WARN_ENUM_CONVERSION = YES;
				CLANG_WARN_INFINITE_RECURSION = YES;
				CLANG_WARN_INT_CONVERSION = YES;
				CLANG_WARN_NON_LITERAL_NULL_CONVERSION = YES;
				CLANG_WARN_OBJC_IMPLICIT_RETAIN_SELF = YES;
				CLANG_WARN_OBJC_LITERAL_CONVERSION = YES;
				CLANG_WARN_OBJC_ROOT_CLASS = YES_ERROR;
				CLANG_WARN_QUOTED_INCLUDE_IN_FRAMEWORK_HEADER = YES;
				CLANG_WARN_RANGE_LOOP_ANALYSIS = YES;
				CLANG_WARN_STRICT_PROTOTYPES = YES;
				CLANG_WARN_SUSPICIOUS_MOVE = YES;
				CLANG_WARN_UNGUARDED_AVAILABILITY = YES_AGGRESSIVE;
				CLANG_WARN_UNREACHABLE_CODE = YES;
				CLANG_WARN__DUPLICATE_METHOD_MATCH = YES;
				COPY_PHASE_STRIP = NO;
				DEBUG_INFORMATION_FORMAT = "dwarf-with-dsym";
				ENABLE_NS_ASSERTIONS = NO;
				ENABLE_STRICT_OBJC_MSGSEND = YES;
				GCC_C_LANGUAGE_STANDARD = gnu11;
				GCC_NO_COMMON_BLOCKS = YES;
				GCC_WARN_64_TO_32_BIT_CONVERSION = YES;
				GCC_WARN_ABOUT_RETURN_TYPE = YES_ERROR;
				GCC_WARN_UNDECLARED_SELECTOR = YES;
				GCC_WARN_UNINITIALIZED_AUTOS = YES_AGGRESSIVE;
				GCC_WARN_UNUSED_FUNCTION = YES;
				GCC_WARN_UNUSED_VARIABLE = YES;
				MACOSX_DEPLOYMENT_TARGET = 13.0;
				MTL_ENABLE_DEBUG_INFO = NO;
				MTL_FAST_MATH = YES;
				SDKROOT = macosx;
				SWIFT_COMPILATION_MODE = wholemodule;
				SWIFT_OPTIMIZATION_LEVEL = "-O";
			};
			name = Release;
		};
		3CB1E284292BDBC40039B959 /* Debug */ = {
			isa = XCBuildConfiguration;
			buildSettings = {
				ASSETCATALOG_COMPILER_APPICON_NAME = AppIcon;
				ASSETCATALOG_COMPILER_GLOBAL_ACCENT_COLOR_NAME = AccentColor;
				CODE_SIGN_ENTITLEMENTS = reddyt/reddyt.entitlements;
				CODE_SIGN_STYLE = Automatic;
				COMBINE_HIDPI_IMAGES = YES;
				CURRENT_PROJECT_VERSION = 1;
				DEVELOPMENT_ASSET_PATHS = "\"reddyt/Preview Content\"";
				DEVELOPMENT_TEAM = QR8TDZJV2W;
				ENABLE_HARDENED_RUNTIME = YES;
				ENABLE_PREVIEWS = YES;
				GENERATE_INFOPLIST_FILE = YES;
				INFOPLIST_KEY_NSHumanReadableCopyright = "";
				LD_RUNPATH_SEARCH_PATHS = (
					"$(inherited)",
					"@executable_path/../Frameworks",
				);
				MARKETING_VERSION = 1.0;
				PRODUCT_BUNDLE_IDENTIFIER = "io.github.mani-sh-reddy.reddyt";
				PRODUCT_NAME = "$(TARGET_NAME)";
				SWIFT_EMIT_LOC_STRINGS = YES;
				SWIFT_VERSION = 5.0;
			};
			name = Debug;
		};
		3CB1E285292BDBC40039B959 /* Release */ = {
			isa = XCBuildConfiguration;
			buildSettings = {
				ASSETCATALOG_COMPILER_APPICON_NAME = AppIcon;
				ASSETCATALOG_COMPILER_GLOBAL_ACCENT_COLOR_NAME = AccentColor;
				CODE_SIGN_ENTITLEMENTS = reddyt/reddyt.entitlements;
				CODE_SIGN_STYLE = Automatic;
				COMBINE_HIDPI_IMAGES = YES;
				CURRENT_PROJECT_VERSION = 1;
				DEVELOPMENT_ASSET_PATHS = "\"reddyt/Preview Content\"";
				DEVELOPMENT_TEAM = QR8TDZJV2W;
				ENABLE_HARDENED_RUNTIME = YES;
				ENABLE_PREVIEWS = YES;
				GENERATE_INFOPLIST_FILE = YES;
				INFOPLIST_KEY_NSHumanReadableCopyright = "";
				LD_RUNPATH_SEARCH_PATHS = (
					"$(inherited)",
					"@executable_path/../Frameworks",
				);
				MARKETING_VERSION = 1.0;
				PRODUCT_BUNDLE_IDENTIFIER = "io.github.mani-sh-reddy.reddyt";
				PRODUCT_NAME = "$(TARGET_NAME)";
				SWIFT_EMIT_LOC_STRINGS = YES;
				SWIFT_VERSION = 5.0;
			};
			name = Release;
		};
/* End XCBuildConfiguration section */

/* Begin XCConfigurationList section */
		3CB1E26A292BDBC30039B959 /* Build configuration list for PBXProject "reddyt" */ = {
			isa = XCConfigurationList;
			buildConfigurations = (
				3CB1E281292BDBC40039B959 /* Debug */,
				3CB1E282292BDBC40039B959 /* Release */,
			);
			defaultConfigurationIsVisible = 0;
			defaultConfigurationName = Release;
		};
		3CB1E283292BDBC40039B959 /* Build configuration list for PBXNativeTarget "reddyt" */ = {
			isa = XCConfigurationList;
			buildConfigurations = (
				3CB1E284292BDBC40039B959 /* Debug */,
				3CB1E285292BDBC40039B959 /* Release */,
			);
			defaultConfigurationIsVisible = 0;
			defaultConfigurationName = Release;
		};
/* End XCConfigurationList section */

/* Begin XCVersionGroup section */
		3CB1E27D292BDBC40039B959 /* reddyt.xcdatamodeld */ = {
			isa = XCVersionGroup;
			children = (
				3CB1E27E292BDBC40039B959 /* reddyt.xcdatamodel */,
			);
			currentVersion = 3CB1E27E292BDBC40039B959 /* reddyt.xcdatamodel */;
			path = reddyt.xcdatamodeld;
			sourceTree = "<group>";
			versionGroupType = wrapper.xcdatamodel;
		};
/* End XCVersionGroup section */
	};
	rootObject = 3CB1E267292BDBC30039B959 /* Project object */;
}
